
Microsoft Visual Studio Solution File, Format Version 12.00
# Visual Studio Version 17
VisualStudioVersion = 17.11.34909.67
MinimumVisualStudioVersion = 10.0.40219.1
Project("{FAE04EC0-301F-11D3-BF4B-00C04F79EFBC}") = "project", "project\project.csproj", "{671BE15F-32E4-4F09-BA80-8FC5E7628D95}"
EndProject
Global
	GlobalSection(SolutionConfigurationPlatforms) = preSolution
		Debug|Any CPU = Debug|Any CPU
		Release|Any CPU = Release|Any CPU
	EndGlobalSection
	GlobalSection(ProjectConfigurationPlatforms) = postSolution
		{671BE15F-32E4-4F09-BA80-8FC5E7628D95}.Debug|Any CPU.ActiveCfg = Debug|Any CPU
		{671BE15F-32E4-4F09-BA80-8FC5E7628D95}.Debug|Any CPU.Build.0 = Debug|Any CPU
		{671BE15F-32E4-4F09-BA80-8FC5E7628D95}.Release|Any CPU.ActiveCfg = Release|Any CPU
		{671BE15F-32E4-4F09-BA80-8FC5E7628D95}.Release|Any CPU.Build.0 = Release|Any CPU
	EndGlobalSection
	GlobalSection(SolutionProperties) = preSolution
		HideSolutionNode = FALSE
	EndGlobalSection
	GlobalSection(ExtensibilityGlobals) = postSolution
		SolutionGuid = {5ABB2DBD-1398-4B30-9A9A-586209A85780}
	EndGlobalSection
EndGlobal
